
Microsoft Visual Studio Solution File, Format Version 12.00
# Visual Studio Version 17
VisualStudioVersion = 17.8.34330.188
MinimumVisualStudioVersion = 10.0.40219.1
Project("{FAE04EC0-301F-11D3-BF4B-00C04F79EFBC}") = "ConsoleUI", "SRPDemo\ConsoleUI.csproj", "{348051E9-8824-4E51-9598-275C298B7B59}"
EndProject
Global
	GlobalSection(SolutionConfigurationPlatforms) = preSolution
		Debug|Any CPU = Debug|Any CPU
		Release|Any CPU = Release|Any CPU
	EndGlobalSection
	GlobalSection(ProjectConfigurationPlatforms) = postSolution
		{348051E9-8824-4E51-9598-275C298B7B59}.Debug|Any CPU.ActiveCfg = Debug|Any CPU
		{348051E9-8824-4E51-9598-275C298B7B59}.Debug|Any CPU.Build.0 = Debug|Any CPU
		{348051E9-8824-4E51-9598-275C298B7B59}.Release|Any CPU.ActiveCfg = Release|Any CPU
		{348051E9-8824-4E51-9598-275C298B7B59}.Release|Any CPU.Build.0 = Release|Any CPU
	EndGlobalSection
	GlobalSection(SolutionProperties) = preSolution
		HideSolutionNode = FALSE
	EndGlobalSection
	GlobalSection(ExtensibilityGlobals) = postSolution
		SolutionGuid = {C9136906-3704-4C7E-A377-32AA1EBBB8C2}
	EndGlobalSection
EndGlobal
